// !$*UTF8*$!
{
	archiveVersion = 1;
	classes = {
	};
	objectVersion = 56;
	objects = {

/* Begin PBXBuildFile section */
		D2C15A4D2C8958B800D43886 /* dogFactsApp.swift in Sources */ = {isa = PBXBuildFile; fileRef = D2C15A4C2C8958B800D43886 /* dogFactsApp.swift */; };
		D2C15A4F2C8958B800D43886 /* ContentView.swift in Sources */ = {isa = PBXBuildFile; fileRef = D2C15A4E2C8958B800D43886 /* ContentView.swift */; };
		D2C15A512C8958BA00D43886 /* Assets.xcassets in Resources */ = {isa = PBXBuildFile; fileRef = D2C15A502C8958BA00D43886 /* Assets.xcassets */; };
		D2C15A542C8958BA00D43886 /* Preview Assets.xcassets in Resources */ = {isa = PBXBuildFile; fileRef = D2C15A532C8958BA00D43886 /* Preview Assets.xcassets */; };
		D2C15A5E2C8958BA00D43886 /* dogFactsTests.swift in Sources */ = {isa = PBXBuildFile; fileRef = D2C15A5D2C8958BA00D43886 /* dogFactsTests.swift */; };
		D2C15A682C8958BA00D43886 /* dogFactsUITests.swift in Sources */ = {isa = PBXBuildFile; fileRef = D2C15A672C8958BA00D43886 /* dogFactsUITests.swift */; };
		D2C15A6A2C8958BA00D43886 /* dogFactsUITestsLaunchTests.swift in Sources */ = {isa = PBXBuildFile; fileRef = D2C15A692C8958BA00D43886 /* dogFactsUITestsLaunchTests.swift */; };
		D2C15A792C895C7000D43886 /* RecipeService.swift in Sources */ = {isa = PBXBuildFile; fileRef = D2C15A782C895C7000D43886 /* RecipeService.swift */; };
		D2C15A7B2C89689600D43886 /* RecipeListDataModel.swift in Sources */ = {isa = PBXBuildFile; fileRef = D2C15A7A2C89689600D43886 /* RecipeListDataModel.swift */; };
		D2C15A7E2C899A3E00D43886 /* ListRecipeView.swift in Sources */ = {isa = PBXBuildFile; fileRef = D2C15A7D2C899A3E00D43886 /* ListRecipeView.swift */; };
		D2C15A812C899E4900D43886 /* RecipeList.swift in Sources */ = {isa = PBXBuildFile; fileRef = D2C15A802C899E4900D43886 /* RecipeList.swift */; };
		D2C15A832C8AE4FF00D43886 /* LoadingView.swift in Sources */ = {isa = PBXBuildFile; fileRef = D2C15A822C8AE4FF00D43886 /* LoadingView.swift */; };
		D2EF25C42C8EACF4004E736B /* RecipeDetailView.swift in Sources */ = {isa = PBXBuildFile; fileRef = D2EF25C32C8EACF4004E736B /* RecipeDetailView.swift */; };
		D2EF25C82C8EEBA3004E736B /* RecipeDetailDataModel.swift in Sources */ = {isa = PBXBuildFile; fileRef = D2EF25C72C8EEBA3004E736B /* RecipeDetailDataModel.swift */; };
		D2EF25CB2C8FE228004E736B /* RecipeManagers.swift in Sources */ = {isa = PBXBuildFile; fileRef = D2EF25CA2C8FE228004E736B /* RecipeManagers.swift */; };
/* End PBXBuildFile section */

/* Begin PBXContainerItemProxy section */
		D2C15A5A2C8958BA00D43886 /* PBXContainerItemProxy */ = {
			isa = PBXContainerItemProxy;
			containerPortal = D2C15A412C8958B800D43886 /* Project object */;
			proxyType = 1;
			remoteGlobalIDString = D2C15A482C8958B800D43886;
			remoteInfo = dogFacts;
		};
		D2C15A642C8958BA00D43886 /* PBXContainerItemProxy */ = {
			isa = PBXContainerItemProxy;
			containerPortal = D2C15A412C8958B800D43886 /* Project object */;
			proxyType = 1;
			remoteGlobalIDString = D2C15A482C8958B800D43886;
			remoteInfo = dogFacts;
		};
/* End PBXContainerItemProxy section */

/* Begin PBXFileReference section */
		D2C15A492C8958B800D43886 /* dogFacts.app */ = {isa = PBXFileReference; explicitFileType = wrapper.application; includeInIndex = 0; path = dogFacts.app; sourceTree = BUILT_PRODUCTS_DIR; };
		D2C15A4C2C8958B800D43886 /* dogFactsApp.swift */ = {isa = PBXFileReference; lastKnownFileType = sourcecode.swift; path = dogFactsApp.swift; sourceTree = "<group>"; };
		D2C15A4E2C8958B800D43886 /* ContentView.swift */ = {isa = PBXFileReference; lastKnownFileType = sourcecode.swift; path = ContentView.swift; sourceTree = "<group>"; };
		D2C15A502C8958BA00D43886 /* Assets.xcassets */ = {isa = PBXFileReference; lastKnownFileType = folder.assetcatalog; path = Assets.xcassets; sourceTree = "<group>"; };
		D2C15A532C8958BA00D43886 /* Preview Assets.xcassets */ = {isa = PBXFileReference; lastKnownFileType = folder.assetcatalog; path = "Preview Assets.xcassets"; sourceTree = "<group>"; };
		D2C15A592C8958BA00D43886 /* dogFactsTests.xctest */ = {isa = PBXFileReference; explicitFileType = wrapper.cfbundle; includeInIndex = 0; path = dogFactsTests.xctest; sourceTree = BUILT_PRODUCTS_DIR; };
		D2C15A5D2C8958BA00D43886 /* dogFactsTests.swift */ = {isa = PBXFileReference; lastKnownFileType = sourcecode.swift; path = dogFactsTests.swift; sourceTree = "<group>"; };
		D2C15A632C8958BA00D43886 /* dogFactsUITests.xctest */ = {isa = PBXFileReference; explicitFileType = wrapper.cfbundle; includeInIndex = 0; path = dogFactsUITests.xctest; sourceTree = BUILT_PRODUCTS_DIR; };
		D2C15A672C8958BA00D43886 /* dogFactsUITests.swift */ = {isa = PBXFileReference; lastKnownFileType = sourcecode.swift; path = dogFactsUITests.swift; sourceTree = "<group>"; };
		D2C15A692C8958BA00D43886 /* dogFactsUITestsLaunchTests.swift */ = {isa = PBXFileReference; lastKnownFileType = sourcecode.swift; path = dogFactsUITestsLaunchTests.swift; sourceTree = "<group>"; };
		D2C15A782C895C7000D43886 /* RecipeService.swift */ = {isa = PBXFileReference; lastKnownFileType = sourcecode.swift; path = RecipeService.swift; sourceTree = "<group>"; };
		D2C15A7A2C89689600D43886 /* RecipeListDataModel.swift */ = {isa = PBXFileReference; lastKnownFileType = sourcecode.swift; path = RecipeListDataModel.swift; sourceTree = "<group>"; };
		D2C15A7D2C899A3E00D43886 /* ListRecipeView.swift */ = {isa = PBXFileReference; lastKnownFileType = sourcecode.swift; path = ListRecipeView.swift; sourceTree = "<group>"; };
		D2C15A802C899E4900D43886 /* RecipeList.swift */ = {isa = PBXFileReference; lastKnownFileType = sourcecode.swift; path = RecipeList.swift; sourceTree = "<group>"; };
		D2C15A822C8AE4FF00D43886 /* LoadingView.swift */ = {isa = PBXFileReference; lastKnownFileType = sourcecode.swift; path = LoadingView.swift; sourceTree = "<group>"; };
		D2EF25C32C8EACF4004E736B /* RecipeDetailView.swift */ = {isa = PBXFileReference; lastKnownFileType = sourcecode.swift; path = RecipeDetailView.swift; sourceTree = "<group>"; };
		D2EF25C72C8EEBA3004E736B /* RecipeDetailDataModel.swift */ = {isa = PBXFileReference; lastKnownFileType = sourcecode.swift; path = RecipeDetailDataModel.swift; sourceTree = "<group>"; };
		D2EF25CA2C8FE228004E736B /* RecipeManagers.swift */ = {isa = PBXFileReference; lastKnownFileType = sourcecode.swift; path = RecipeManagers.swift; sourceTree = "<group>"; };
/* End PBXFileReference section */

/* Begin PBXFrameworksBuildPhase section */
		D2C15A462C8958B800D43886 /* Frameworks */ = {
			isa = PBXFrameworksBuildPhase;
			buildActionMask = 2147483647;
			files = (
			);
			runOnlyForDeploymentPostprocessing = 0;
		};
		D2C15A562C8958BA00D43886 /* Frameworks */ = {
			isa = PBXFrameworksBuildPhase;
			buildActionMask = 2147483647;
			files = (
			);
			runOnlyForDeploymentPostprocessing = 0;
		};
		D2C15A602C8958BA00D43886 /* Frameworks */ = {
			isa = PBXFrameworksBuildPhase;
			buildActionMask = 2147483647;
			files = (
			);
			runOnlyForDeploymentPostprocessing = 0;
		};
/* End PBXFrameworksBuildPhase section */

/* Begin PBXGroup section */
		D2C15A402C8958B800D43886 = {
			isa = PBXGroup;
			children = (
				D2C15A4B2C8958B800D43886 /* dogFacts */,
				D2C15A5C2C8958BA00D43886 /* dogFactsTests */,
				D2C15A662C8958BA00D43886 /* dogFactsUITests */,
				D2C15A4A2C8958B800D43886 /* Products */,
			);
			sourceTree = "<group>";
		};
		D2C15A4A2C8958B800D43886 /* Products */ = {
			isa = PBXGroup;
			children = (
				D2C15A492C8958B800D43886 /* dogFacts.app */,
				D2C15A592C8958BA00D43886 /* dogFactsTests.xctest */,
				D2C15A632C8958BA00D43886 /* dogFactsUITests.xctest */,
			);
			name = Products;
			sourceTree = "<group>";
		};
		D2C15A4B2C8958B800D43886 /* dogFacts */ = {
			isa = PBXGroup;
			children = (
				D2EF25C92C8FE1AF004E736B /* Managers */,
				D2C15A7F2C899DE900D43886 /* Components */,
				D2C15A7C2C899A1F00D43886 /* Views */,
				D2C15A772C895C2500D43886 /* Model */,
				D2C15A762C895BF600D43886 /* Services */,
				D2C15A4C2C8958B800D43886 /* dogFactsApp.swift */,
				D2C15A4E2C8958B800D43886 /* ContentView.swift */,
				D2C15A502C8958BA00D43886 /* Assets.xcassets */,
				D2C15A522C8958BA00D43886 /* Preview Content */,
			);
			path = dogFacts;
			sourceTree = "<group>";
		};
		D2C15A522C8958BA00D43886 /* Preview Content */ = {
			isa = PBXGroup;
			children = (
				D2C15A532C8958BA00D43886 /* Preview Assets.xcassets */,
			);
			path = "Preview Content";
			sourceTree = "<group>";
		};
		D2C15A5C2C8958BA00D43886 /* dogFactsTests */ = {
			isa = PBXGroup;
			children = (
				D2C15A5D2C8958BA00D43886 /* dogFactsTests.swift */,
			);
			path = dogFactsTests;
			sourceTree = "<group>";
		};
		D2C15A662C8958BA00D43886 /* dogFactsUITests */ = {
			isa = PBXGroup;
			children = (
				D2C15A672C8958BA00D43886 /* dogFactsUITests.swift */,
				D2C15A692C8958BA00D43886 /* dogFactsUITestsLaunchTests.swift */,
			);
			path = dogFactsUITests;
			sourceTree = "<group>";
		};
		D2C15A762C895BF600D43886 /* Services */ = {
			isa = PBXGroup;
			children = (
				D2C15A782C895C7000D43886 /* RecipeService.swift */,
			);
			path = Services;
			sourceTree = "<group>";
		};
		D2C15A772C895C2500D43886 /* Model */ = {
			isa = PBXGroup;
			children = (
				D2C15A7A2C89689600D43886 /* RecipeListDataModel.swift */,
				D2EF25C72C8EEBA3004E736B /* RecipeDetailDataModel.swift */,
			);
			path = Model;
			sourceTree = "<group>";
		};
		D2C15A7C2C899A1F00D43886 /* Views */ = {
			isa = PBXGroup;
			children = (
				D2C15A7D2C899A3E00D43886 /* ListRecipeView.swift */,
				D2C15A822C8AE4FF00D43886 /* LoadingView.swift */,
				D2EF25C32C8EACF4004E736B /* RecipeDetailView.swift */,
			);
			path = Views;
			sourceTree = "<group>";
		};
		D2C15A7F2C899DE900D43886 /* Components */ = {
			isa = PBXGroup;
			children = (
				D2C15A802C899E4900D43886 /* RecipeList.swift */,
			);
			path = Components;
			sourceTree = "<group>";
		};
		D2EF25C92C8FE1AF004E736B /* Managers */ = {
			isa = PBXGroup;
			children = (
				D2EF25CA2C8FE228004E736B /* RecipeManagers.swift */,
			);
			path = Managers;
			sourceTree = "<group>";
		};
/* End PBXGroup section */

/* Begin PBXNativeTarget section */
		D2C15A482C8958B800D43886 /* dogFacts */ = {
			isa = PBXNativeTarget;
			buildConfigurationList = D2C15A6D2C8958BA00D43886 /* Build configuration list for PBXNativeTarget "dogFacts" */;
			buildPhases = (
				D2C15A452C8958B800D43886 /* Sources */,
				D2C15A462C8958B800D43886 /* Frameworks */,
				D2C15A472C8958B800D43886 /* Resources */,
			);
			buildRules = (
			);
			dependencies = (
			);
			name = dogFacts;
			productName = dogFacts;
			productReference = D2C15A492C8958B800D43886 /* dogFacts.app */;
			productType = "com.apple.product-type.application";
		};
		D2C15A582C8958BA00D43886 /* dogFactsTests */ = {
			isa = PBXNativeTarget;
			buildConfigurationList = D2C15A702C8958BA00D43886 /* Build configuration list for PBXNativeTarget "dogFactsTests" */;
			buildPhases = (
				D2C15A552C8958BA00D43886 /* Sources */,
				D2C15A562C8958BA00D43886 /* Frameworks */,
				D2C15A572C8958BA00D43886 /* Resources */,
			);
			buildRules = (
			);
			dependencies = (
				D2C15A5B2C8958BA00D43886 /* PBXTargetDependency */,
			);
			name = dogFactsTests;
			productName = dogFactsTests;
			productReference = D2C15A592C8958BA00D43886 /* dogFactsTests.xctest */;
			productType = "com.apple.product-type.bundle.unit-test";
		};
		D2C15A622C8958BA00D43886 /* dogFactsUITests */ = {
			isa = PBXNativeTarget;
			buildConfigurationList = D2C15A732C8958BA00D43886 /* Build configuration list for PBXNativeTarget "dogFactsUITests" */;
			buildPhases = (
				D2C15A5F2C8958BA00D43886 /* Sources */,
				D2C15A602C8958BA00D43886 /* Frameworks */,
				D2C15A612C8958BA00D43886 /* Resources */,
			);
			buildRules = (
			);
			dependencies = (
				D2C15A652C8958BA00D43886 /* PBXTargetDependency */,
			);
			name = dogFactsUITests;
			productName = dogFactsUITests;
			productReference = D2C15A632C8958BA00D43886 /* dogFactsUITests.xctest */;
			productType = "com.apple.product-type.bundle.ui-testing";
		};
/* End PBXNativeTarget section */

/* Begin PBXProject section */
		D2C15A412C8958B800D43886 /* Project object */ = {
			isa = PBXProject;
			attributes = {
				BuildIndependentTargetsInParallel = 1;
				LastSwiftUpdateCheck = 1530;
				LastUpgradeCheck = 1530;
				TargetAttributes = {
					D2C15A482C8958B800D43886 = {
						CreatedOnToolsVersion = 15.3;
					};
					D2C15A582C8958BA00D43886 = {
						CreatedOnToolsVersion = 15.3;
						TestTargetID = D2C15A482C8958B800D43886;
					};
					D2C15A622C8958BA00D43886 = {
						CreatedOnToolsVersion = 15.3;
						TestTargetID = D2C15A482C8958B800D43886;
					};
				};
			};
			buildConfigurationList = D2C15A442C8958B800D43886 /* Build configuration list for PBXProject "dogFacts" */;
			compatibilityVersion = "Xcode 14.0";
			developmentRegion = en;
			hasScannedForEncodings = 0;
			knownRegions = (
				en,
				Base,
			);
			mainGroup = D2C15A402C8958B800D43886;
			productRefGroup = D2C15A4A2C8958B800D43886 /* Products */;
			projectDirPath = "";
			projectRoot = "";
			targets = (
				D2C15A482C8958B800D43886 /* dogFacts */,
				D2C15A582C8958BA00D43886 /* dogFactsTests */,
				D2C15A622C8958BA00D43886 /* dogFactsUITests */,
			);
		};
/* End PBXProject section */

/* Begin PBXResourcesBuildPhase section */
		D2C15A472C8958B800D43886 /* Resources */ = {
			isa = PBXResourcesBuildPhase;
			buildActionMask = 2147483647;
			files = (
				D2C15A542C8958BA00D43886 /* Preview Assets.xcassets in Resources */,
				D2C15A512C8958BA00D43886 /* Assets.xcassets in Resources */,
			);
			runOnlyForDeploymentPostprocessing = 0;
		};
		D2C15A572C8958BA00D43886 /* Resources */ = {
			isa = PBXResourcesBuildPhase;
			buildActionMask = 2147483647;
			files = (
			);
			runOnlyForDeploymentPostprocessing = 0;
		};
		D2C15A612C8958BA00D43886 /* Resources */ = {
			isa = PBXResourcesBuildPhase;
			buildActionMask = 2147483647;
			files = (
			);
			runOnlyForDeploymentPostprocessing = 0;
		};
/* End PBXResourcesBuildPhase section */

/* Begin PBXSourcesBuildPhase section */
		D2C15A452C8958B800D43886 /* Sources */ = {
			isa = PBXSourcesBuildPhase;
			buildActionMask = 2147483647;
			files = (
				D2C15A4F2C8958B800D43886 /* ContentView.swift in Sources */,
				D2C15A812C899E4900D43886 /* RecipeList.swift in Sources */,
				D2C15A7B2C89689600D43886 /* RecipeListDataModel.swift in Sources */,
				D2C15A4D2C8958B800D43886 /* dogFactsApp.swift in Sources */,
				D2EF25C82C8EEBA3004E736B /* RecipeDetailDataModel.swift in Sources */,
				D2C15A792C895C7000D43886 /* RecipeService.swift in Sources */,
				D2C15A832C8AE4FF00D43886 /* LoadingView.swift in Sources */,
				D2C15A7E2C899A3E00D43886 /* ListRecipeView.swift in Sources */,
				D2EF25C42C8EACF4004E736B /* RecipeDetailView.swift in Sources */,
				D2EF25CB2C8FE228004E736B /* RecipeManagers.swift in Sources */,
			);
			runOnlyForDeploymentPostprocessing = 0;
		};
		D2C15A552C8958BA00D43886 /* Sources */ = {
			isa = PBXSourcesBuildPhase;
			buildActionMask = 2147483647;
			files = (
				D2C15A5E2C8958BA00D43886 /* dogFactsTests.swift in Sources */,
			);
			runOnlyForDeploymentPostprocessing = 0;
		};
		D2C15A5F2C8958BA00D43886 /* Sources */ = {
			isa = PBXSourcesBuildPhase;
			buildActionMask = 2147483647;
			files = (
				D2C15A6A2C8958BA00D43886 /* dogFactsUITestsLaunchTests.swift in Sources */,
				D2C15A682C8958BA00D43886 /* dogFactsUITests.swift in Sources */,
			);
			runOnlyForDeploymentPostprocessing = 0;
		};
/* End PBXSourcesBuildPhase section */

/* Begin PBXTargetDependency section */
		D2C15A5B2C8958BA00D43886 /* PBXTargetDependency */ = {
			isa = PBXTargetDependency;
			target = D2C15A482C8958B800D43886 /* dogFacts */;
			targetProxy = D2C15A5A2C8958BA00D43886 /* PBXContainerItemProxy */;
		};
		D2C15A652C8958BA00D43886 /* PBXTargetDependency */ = {
			isa = PBXTargetDependency;
			target = D2C15A482C8958B800D43886 /* dogFacts */;
			targetProxy = D2C15A642C8958BA00D43886 /* PBXContainerItemProxy */;
		};
/* End PBXTargetDependency section */

/* Begin XCBuildConfiguration section */
		D2C15A6B2C8958BA00D43886 /* Debug */ = {
			isa = XCBuildConfiguration;
			buildSettings = {
				ALWAYS_SEARCH_USER_PATHS = NO;
				ASSETCATALOG_COMPILER_GENERATE_SWIFT_ASSET_SYMBOL_EXTENSIONS = YES;
				CLANG_ANALYZER_NONNULL = YES;
				CLANG_ANALYZER_NUMBER_OBJECT_CONVERSION = YES_AGGRESSIVE;
				CLANG_CXX_LANGUAGE_STANDARD = "gnu++20";
				CLANG_ENABLE_MODULES = YES;
				CLANG_ENABLE_OBJC_ARC = YES;
				CLANG_ENABLE_OBJC_WEAK = YES;
				CLANG_WARN_BLOCK_CAPTURE_AUTORELEASING = YES;
				CLANG_WARN_BOOL_CONVERSION = YES;
				CLANG_WARN_COMMA = YES;
				CLANG_WARN_CONSTANT_CONVERSION = YES;
				CLANG_WARN_DEPRECATED_OBJC_IMPLEMENTATIONS = YES;
				CLANG_WARN_DIRECT_OBJC_ISA_USAGE = YES_ERROR;
				CLANG_WARN_DOCUMENTATION_COMMENTS = YES;
				CLANG_WARN_EMPTY_BODY = YES;
				CLANG_WARN_ENUM_CONVERSION = YES;
				CLANG_WARN_INFINITE_RECURSION = YES;
				CLANG_WARN_INT_CONVERSION = YES;
				CLANG_WARN_NON_LITERAL_NULL_CONVERSION = YES;
				CLANG_WARN_OBJC_IMPLICIT_RETAIN_SELF = YES;
				CLANG_WARN_OBJC_LITERAL_CONVERSION = YES;
				CLANG_WARN_OBJC_ROOT_CLASS = YES_ERROR;
				CLANG_WARN_QUOTED_INCLUDE_IN_FRAMEWORK_HEADER = YES;
				CLANG_WARN_RANGE_LOOP_ANALYSIS = YES;
				CLANG_WARN_STRICT_PROTOTYPES = YES;
				CLANG_WARN_SUSPICIOUS_MOVE = YES;
				CLANG_WARN_UNGUARDED_AVAILABILITY = YES_AGGRESSIVE;
				CLANG_WARN_UNREACHABLE_CODE = YES;
				CLANG_WARN__DUPLICATE_METHOD_MATCH = YES;
				COPY_PHASE_STRIP = NO;
				DEBUG_INFORMATION_FORMAT = dwarf;
				ENABLE_STRICT_OBJC_MSGSEND = YES;
				ENABLE_TESTABILITY = YES;
				ENABLE_USER_SCRIPT_SANDBOXING = YES;
				GCC_C_LANGUAGE_STANDARD = gnu17;
				GCC_DYNAMIC_NO_PIC = NO;
				GCC_NO_COMMON_BLOCKS = YES;
				GCC_OPTIMIZATION_LEVEL = 0;
				GCC_PREPROCESSOR_DEFINITIONS = (
					"DEBUG=1",
					"$(inherited)",
				);
				GCC_WARN_64_TO_32_BIT_CONVERSION = YES;
				GCC_WARN_ABOUT_RETURN_TYPE = YES_ERROR;
				GCC_WARN_UNDECLARED_SELECTOR = YES;
				GCC_WARN_UNINITIALIZED_AUTOS = YES_AGGRESSIVE;
				GCC_WARN_UNUSED_FUNCTION = YES;
				GCC_WARN_UNUSED_VARIABLE = YES;
				IPHONEOS_DEPLOYMENT_TARGET = 17.4;
				LOCALIZATION_PREFERS_STRING_CATALOGS = YES;
				MTL_ENABLE_DEBUG_INFO = INCLUDE_SOURCE;
				MTL_FAST_MATH = YES;
				ONLY_ACTIVE_ARCH = YES;
				SDKROOT = iphoneos;
				SWIFT_ACTIVE_COMPILATION_CONDITIONS = "DEBUG $(inherited)";
				SWIFT_OPTIMIZATION_LEVEL = "-Onone";
			};
			name = Debug;
		};
		D2C15A6C2C8958BA00D43886 /* Release */ = {
			isa = XCBuildConfiguration;
			buildSettings = {
				ALWAYS_SEARCH_USER_PATHS = NO;
				ASSETCATALOG_COMPILER_GENERATE_SWIFT_ASSET_SYMBOL_EXTENSIONS = YES;
				CLANG_ANALYZER_NONNULL = YES;
				CLANG_ANALYZER_NUMBER_OBJECT_CONVERSION = YES_AGGRESSIVE;
				CLANG_CXX_LANGUAGE_STANDARD = "gnu++20";
				CLANG_ENABLE_MODULES = YES;
				CLANG_ENABLE_OBJC_ARC = YES;
				CLANG_ENABLE_OBJC_WEAK = YES;
				CLANG_WARN_BLOCK_CAPTURE_AUTORELEASING = YES;
				CLANG_WARN_BOOL_CONVERSION = YES;
				CLANG_WARN_COMMA = YES;
				CLANG_WARN_CONSTANT_CONVERSION = YES;
				CLANG_WARN_DEPRECATED_OBJC_IMPLEMENTATIONS = YES;
				CLANG_WARN_DIRECT_OBJC_ISA_USAGE = YES_ERROR;
				CLANG_WARN_DOCUMENTATION_COMMENTS = YES;
				CLANG_WARN_EMPTY_BODY = YES;
				CLANG_WARN_ENUM_CONVERSION = YES;
				CLANG_WARN_INFINITE_RECURSION = YES;
				CLANG_WARN_INT_CONVERSION = YES;
				CLANG_WARN_NON_LITERAL_NULL_CONVERSION = YES;
				CLANG_WARN_OBJC_IMPLICIT_RETAIN_SELF = YES;
				CLANG_WARN_OBJC_LITERAL_CONVERSION = YES;
				CLANG_WARN_OBJC_ROOT_CLASS = YES_ERROR;
				CLANG_WARN_QUOTED_INCLUDE_IN_FRAMEWORK_HEADER = YES;
				CLANG_WARN_RANGE_LOOP_ANALYSIS = YES;
				CLANG_WARN_STRICT_PROTOTYPES = YES;
				CLANG_WARN_SUSPICIOUS_MOVE = YES;
				CLANG_WARN_UNGUARDED_AVAILABILITY = YES_AGGRESSIVE;
				CLANG_WARN_UNREACHABLE_CODE = YES;
				CLANG_WARN__DUPLICATE_METHOD_MATCH = YES;
				COPY_PHASE_STRIP = NO;
				DEBUG_INFORMATION_FORMAT = "dwarf-with-dsym";
				ENABLE_NS_ASSERTIONS = NO;
				ENABLE_STRICT_OBJC_MSGSEND = YES;
				ENABLE_USER_SCRIPT_SANDBOXING = YES;
				GCC_C_LANGUAGE_STANDARD = gnu17;
				GCC_NO_COMMON_BLOCKS = YES;
				GCC_WARN_64_TO_32_BIT_CONVERSION = YES;
				GCC_WARN_ABOUT_RETURN_TYPE = YES_ERROR;
				GCC_WARN_UNDECLARED_SELECTOR = YES;
				GCC_WARN_UNINITIALIZED_AUTOS = YES_AGGRESSIVE;
				GCC_WARN_UNUSED_FUNCTION = YES;
				GCC_WARN_UNUSED_VARIABLE = YES;
				IPHONEOS_DEPLOYMENT_TARGET = 17.4;
				LOCALIZATION_PREFERS_STRING_CATALOGS = YES;
				MTL_ENABLE_DEBUG_INFO = NO;
				MTL_FAST_MATH = YES;
				SDKROOT = iphoneos;
				SWIFT_COMPILATION_MODE = wholemodule;
				VALIDATE_PRODUCT = YES;
			};
			name = Release;
		};
		D2C15A6E2C8958BA00D43886 /* Debug */ = {
			isa = XCBuildConfiguration;
			buildSettings = {
				ASSETCATALOG_COMPILER_APPICON_NAME = AppIcon;
				ASSETCATALOG_COMPILER_GLOBAL_ACCENT_COLOR_NAME = AccentColor;
				CODE_SIGN_STYLE = Automatic;
				CURRENT_PROJECT_VERSION = 1;
				DEVELOPMENT_ASSET_PATHS = "\"dogFacts/Preview Content\"";
				DEVELOPMENT_TEAM = DUB4N56HL2;
				ENABLE_PREVIEWS = YES;
				GENERATE_INFOPLIST_FILE = YES;
				INFOPLIST_KEY_CFBundleDisplayName = "Recipe App";
				INFOPLIST_KEY_UIApplicationSceneManifest_Generation = YES;
				INFOPLIST_KEY_UIApplicationSupportsIndirectInputEvents = YES;
				INFOPLIST_KEY_UILaunchScreen_Generation = YES;
				INFOPLIST_KEY_UISupportedInterfaceOrientations_iPad = "UIInterfaceOrientationPortrait UIInterfaceOrientationPortraitUpsideDown UIInterfaceOrientationLandscapeLeft UIInterfaceOrientationLandscapeRight";
				INFOPLIST_KEY_UISupportedInterfaceOrientations_iPhone = "UIInterfaceOrientationPortrait UIInterfaceOrientationLandscapeLeft UIInterfaceOrientationLandscapeRight";
				LD_RUNPATH_SEARCH_PATHS = (
					"$(inherited)",
					"@executable_path/Frameworks",
				);
				MARKETING_VERSION = 1.0;
				PRODUCT_BUNDLE_IDENTIFIER = aangavatar.dogFacts;
				PRODUCT_NAME = "$(TARGET_NAME)";
				SWIFT_EMIT_LOC_STRINGS = YES;
				SWIFT_VERSION = 5.0;
				TARGETED_DEVICE_FAMILY = "1,2";
			};
			name = Debug;
		};
		D2C15A6F2C8958BA00D43886 /* Release */ = {
			isa = XCBuildConfiguration;
			buildSettings = {
				ASSETCATALOG_COMPILER_APPICON_NAME = AppIcon;
				ASSETCATALOG_COMPILER_GLOBAL_ACCENT_COLOR_NAME = AccentColor;
				CODE_SIGN_STYLE = Automatic;
				CURRENT_PROJECT_VERSION = 1;
				DEVELOPMENT_ASSET_PATHS = "\"dogFacts/Preview Content\"";
				DEVELOPMENT_TEAM = DUB4N56HL2;
				ENABLE_PREVIEWS = YES;
				GENERATE_INFOPLIST_FILE = YES;
				INFOPLIST_KEY_CFBundleDisplayName = "Recipe App";
				INFOPLIST_KEY_UIApplicationSceneManifest_Generation = YES;
				INFOPLIST_KEY_UIApplicationSupportsIndirectInputEvents = YES;
				INFOPLIST_KEY_UILaunchScreen_Generation = YES;
				INFOPLIST_KEY_UISupportedInterfaceOrientations_iPad = "UIInterfaceOrientationPortrait UIInterfaceOrientationPortraitUpsideDown UIInterfaceOrientationLandscapeLeft UIInterfaceOrientationLandscapeRight";
				INFOPLIST_KEY_UISupportedInterfaceOrientations_iPhone = "UIInterfaceOrientationPortrait UIInterfaceOrientationLandscapeLeft UIInterfaceOrientationLandscapeRight";
				LD_RUNPATH_SEARCH_PATHS = (
					"$(inherited)",
					"@executable_path/Frameworks",
				);
				MARKETING_VERSION = 1.0;
				PRODUCT_BUNDLE_IDENTIFIER = aangavatar.dogFacts;
				PRODUCT_NAME = "$(TARGET_NAME)";
				SWIFT_EMIT_LOC_STRINGS = YES;
				SWIFT_VERSION = 5.0;
				TARGETED_DEVICE_FAMILY = "1,2";
			};
			name = Release;
		};
		D2C15A712C8958BA00D43886 /* Debug */ = {
			isa = XCBuildConfiguration;
			buildSettings = {
				ALWAYS_EMBED_SWIFT_STANDARD_LIBRARIES = YES;
				BUNDLE_LOADER = "$(TEST_HOST)";
				CODE_SIGN_STYLE = Automatic;
				CURRENT_PROJECT_VERSION = 1;
				DEVELOPMENT_TEAM = DUB4N56HL2;
				GENERATE_INFOPLIST_FILE = YES;
				IPHONEOS_DEPLOYMENT_TARGET = 17.4;
				MARKETING_VERSION = 1.0;
				PRODUCT_BUNDLE_IDENTIFIER = aangavatar.dogFactsTests;
				PRODUCT_NAME = "$(TARGET_NAME)";
				SWIFT_EMIT_LOC_STRINGS = NO;
				SWIFT_VERSION = 5.0;
				TARGETED_DEVICE_FAMILY = "1,2";
				TEST_HOST = "$(BUILT_PRODUCTS_DIR)/dogFacts.app/$(BUNDLE_EXECUTABLE_FOLDER_PATH)/dogFacts";
			};
			name = Debug;
		};
		D2C15A722C8958BA00D43886 /* Release */ = {
			isa = XCBuildConfiguration;
			buildSettings = {
				ALWAYS_EMBED_SWIFT_STANDARD_LIBRARIES = YES;
				BUNDLE_LOADER = "$(TEST_HOST)";
				CODE_SIGN_STYLE = Automatic;
				CURRENT_PROJECT_VERSION = 1;
				DEVELOPMENT_TEAM = DUB4N56HL2;
				GENERATE_INFOPLIST_FILE = YES;
				IPHONEOS_DEPLOYMENT_TARGET = 17.4;
				MARKETING_VERSION = 1.0;
				PRODUCT_BUNDLE_IDENTIFIER = aangavatar.dogFactsTests;
				PRODUCT_NAME = "$(TARGET_NAME)";
				SWIFT_EMIT_LOC_STRINGS = NO;
				SWIFT_VERSION = 5.0;
				TARGETED_DEVICE_FAMILY = "1,2";
				TEST_HOST = "$(BUILT_PRODUCTS_DIR)/dogFacts.app/$(BUNDLE_EXECUTABLE_FOLDER_PATH)/dogFacts";
			};
			name = Release;
		};
		D2C15A742C8958BA00D43886 /* Debug */ = {
			isa = XCBuildConfiguration;
			buildSettings = {
				ALWAYS_EMBED_SWIFT_STANDARD_LIBRARIES = YES;
				CODE_SIGN_STYLE = Automatic;
				CURRENT_PROJECT_VERSION = 1;
				DEVELOPMENT_TEAM = DUB4N56HL2;
				GENERATE_INFOPLIST_FILE = YES;
				MARKETING_VERSION = 1.0;
				PRODUCT_BUNDLE_IDENTIFIER = aangavatar.dogFactsUITests;
				PRODUCT_NAME = "$(TARGET_NAME)";
				SWIFT_EMIT_LOC_STRINGS = NO;
				SWIFT_VERSION = 5.0;
				TARGETED_DEVICE_FAMILY = "1,2";
				TEST_TARGET_NAME = dogFacts;
			};
			name = Debug;
		};
		D2C15A752C8958BA00D43886 /* Release */ = {
			isa = XCBuildConfiguration;
			buildSettings = {
				ALWAYS_EMBED_SWIFT_STANDARD_LIBRARIES = YES;
				CODE_SIGN_STYLE = Automatic;
				CURRENT_PROJECT_VERSION = 1;
				DEVELOPMENT_TEAM = DUB4N56HL2;
				GENERATE_INFOPLIST_FILE = YES;
				MARKETING_VERSION = 1.0;
				PRODUCT_BUNDLE_IDENTIFIER = aangavatar.dogFactsUITests;
				PRODUCT_NAME = "$(TARGET_NAME)";
				SWIFT_EMIT_LOC_STRINGS = NO;
				SWIFT_VERSION = 5.0;
				TARGETED_DEVICE_FAMILY = "1,2";
				TEST_TARGET_NAME = dogFacts;
			};
			name = Release;
		};
/* End XCBuildConfiguration section */

/* Begin XCConfigurationList section */
		D2C15A442C8958B800D43886 /* Build configuration list for PBXProject "dogFacts" */ = {
			isa = XCConfigurationList;
			buildConfigurations = (
				D2C15A6B2C8958BA00D43886 /* Debug */,
				D2C15A6C2C8958BA00D43886 /* Release */,
			);
			defaultConfigurationIsVisible = 0;
			defaultConfigurationName = Release;
		};
		D2C15A6D2C8958BA00D43886 /* Build configuration list for PBXNativeTarget "dogFacts" */ = {
			isa = XCConfigurationList;
			buildConfigurations = (
				D2C15A6E2C8958BA00D43886 /* Debug */,
				D2C15A6F2C8958BA00D43886 /* Release */,
			);
			defaultConfigurationIsVisible = 0;
			defaultConfigurationName = Release;
		};
		D2C15A702C8958BA00D43886 /* Build configuration list for PBXNativeTarget "dogFactsTests" */ = {
			isa = XCConfigurationList;
			buildConfigurations = (
				D2C15A712C8958BA00D43886 /* Debug */,
				D2C15A722C8958BA00D43886 /* Release */,
			);
			defaultConfigurationIsVisible = 0;
			defaultConfigurationName = Release;
		};
		D2C15A732C8958BA00D43886 /* Build configuration list for PBXNativeTarget "dogFactsUITests" */ = {
			isa = XCConfigurationList;
			buildConfigurations = (
				D2C15A742C8958BA00D43886 /* Debug */,
				D2C15A752C8958BA00D43886 /* Release */,
			);
			defaultConfigurationIsVisible = 0;
			defaultConfigurationName = Release;
		};
/* End XCConfigurationList section */
	};
	rootObject = D2C15A412C8958B800D43886 /* Project object */;
}
